// !$*UTF8*$!
{
	archiveVersion = 1;
	classes = {
	};
	objectVersion = 46;
	objects = {

/* Begin PBXBuildFile section */
		B6128F68182E0D1E00082D38 /* Foundation.framework in Frameworks */ = {isa = PBXBuildFile; fileRef = B6128F67182E0D1E00082D38 /* Foundation.framework */; };
		B6128F6A182E0D1E00082D38 /* CoreGraphics.framework in Frameworks */ = {isa = PBXBuildFile; fileRef = B6128F69182E0D1E00082D38 /* CoreGraphics.framework */; };
		B6128F6C182E0D1E00082D38 /* UIKit.framework in Frameworks */ = {isa = PBXBuildFile; fileRef = B6128F6B182E0D1E00082D38 /* UIKit.framework */; };
		B6128F72182E0D1E00082D38 /* InfoPlist.strings in Resources */ = {isa = PBXBuildFile; fileRef = B6128F70182E0D1E00082D38 /* InfoPlist.strings */; };
		B6128F74182E0D1E00082D38 /* main.m in Sources */ = {isa = PBXBuildFile; fileRef = B6128F73182E0D1E00082D38 /* main.m */; };
		B6128F78182E0D1E00082D38 /* AppDelegate.m in Sources */ = {isa = PBXBuildFile; fileRef = B6128F77182E0D1E00082D38 /* AppDelegate.m */; };
		B6128F7B182E0D1E00082D38 /* Main.storyboard in Resources */ = {isa = PBXBuildFile; fileRef = B6128F79182E0D1E00082D38 /* Main.storyboard */; };
		B6128F81182E0D1E00082D38 /* SecondViewController.m in Sources */ = {isa = PBXBuildFile; fileRef = B6128F80182E0D1E00082D38 /* SecondViewController.m */; };
		B6128F83182E0D1E00082D38 /* Images.xcassets in Resources */ = {isa = PBXBuildFile; fileRef = B6128F82182E0D1E00082D38 /* Images.xcassets */; };
		B6128F8A182E0D1E00082D38 /* XCTest.framework in Frameworks */ = {isa = PBXBuildFile; fileRef = B6128F89182E0D1E00082D38 /* XCTest.framework */; };
		B6128F8B182E0D1E00082D38 /* Foundation.framework in Frameworks */ = {isa = PBXBuildFile; fileRef = B6128F67182E0D1E00082D38 /* Foundation.framework */; };
		B6128F8C182E0D1E00082D38 /* UIKit.framework in Frameworks */ = {isa = PBXBuildFile; fileRef = B6128F6B182E0D1E00082D38 /* UIKit.framework */; };
		B6128F94182E0D1E00082D38 /* InfoPlist.strings in Resources */ = {isa = PBXBuildFile; fileRef = B6128F92182E0D1E00082D38 /* InfoPlist.strings */; };
		B6128F96182E0D1E00082D38 /* MarkBookTests.m in Sources */ = {isa = PBXBuildFile; fileRef = B6128F95182E0D1E00082D38 /* MarkBookTests.m */; };
		B6128FA1182E167800082D38 /* BookDetail.m in Sources */ = {isa = PBXBuildFile; fileRef = B6128FA0182E167800082D38 /* BookDetail.m */; };
		B6128FA4182E169100082D38 /* SearchBook.m in Sources */ = {isa = PBXBuildFile; fileRef = B6128FA3182E169100082D38 /* SearchBook.m */; };
		B6128FA7182E199900082D38 /* DoubanBook.m in Sources */ = {isa = PBXBuildFile; fileRef = B6128FA6182E199900082D38 /* DoubanBook.m */; };
		B6128FB1182E3D3E00082D38 /* DetailWebPage.m in Sources */ = {isa = PBXBuildFile; fileRef = B6128FB0182E3D3E00082D38 /* DetailWebPage.m */; };
		B6128FB4182E41F500082D38 /* FileAccessManager.m in Sources */ = {isa = PBXBuildFile; fileRef = B6128FB3182E41F500082D38 /* FileAccessManager.m */; };
		B6128FB7182E423300082D38 /* BookMark.m in Sources */ = {isa = PBXBuildFile; fileRef = B6128FB6182E423300082D38 /* BookMark.m */; };
/* End PBXBuildFile section */

/* Begin PBXContainerItemProxy section */
		B6128F8D182E0D1E00082D38 /* PBXContainerItemProxy */ = {
			isa = PBXContainerItemProxy;
			containerPortal = B6128F5C182E0D1E00082D38 /* Project object */;
			proxyType = 1;
			remoteGlobalIDString = B6128F63182E0D1E00082D38;
			remoteInfo = MarkBook;
		};
/* End PBXContainerItemProxy section */

/* Begin PBXFileReference section */
		B6128F64182E0D1E00082D38 /* MarkBook.app */ = {isa = PBXFileReference; explicitFileType = wrapper.application; includeInIndex = 0; path = MarkBook.app; sourceTree = BUILT_PRODUCTS_DIR; };
		B6128F67182E0D1E00082D38 /* Foundation.framework */ = {isa = PBXFileReference; lastKnownFileType = wrapper.framework; name = Foundation.framework; path = System/Library/Frameworks/Foundation.framework; sourceTree = SDKROOT; };
		B6128F69182E0D1E00082D38 /* CoreGraphics.framework */ = {isa = PBXFileReference; lastKnownFileType = wrapper.framework; name = CoreGraphics.framework; path = System/Library/Frameworks/CoreGraphics.framework; sourceTree = SDKROOT; };
		B6128F6B182E0D1E00082D38 /* UIKit.framework */ = {isa = PBXFileReference; lastKnownFileType = wrapper.framework; name = UIKit.framework; path = System/Library/Frameworks/UIKit.framework; sourceTree = SDKROOT; };
		B6128F6F182E0D1E00082D38 /* MarkBook-Info.plist */ = {isa = PBXFileReference; lastKnownFileType = text.plist.xml; path = "MarkBook-Info.plist"; sourceTree = "<group>"; };
		B6128F71182E0D1E00082D38 /* en */ = {isa = PBXFileReference; lastKnownFileType = text.plist.strings; name = en; path = en.lproj/InfoPlist.strings; sourceTree = "<group>"; };
		B6128F73182E0D1E00082D38 /* main.m */ = {isa = PBXFileReference; lastKnownFileType = sourcecode.c.objc; path = main.m; sourceTree = "<group>"; };
		B6128F75182E0D1E00082D38 /* MarkBook-Prefix.pch */ = {isa = PBXFileReference; lastKnownFileType = sourcecode.c.h; path = "MarkBook-Prefix.pch"; sourceTree = "<group>"; };
		B6128F76182E0D1E00082D38 /* AppDelegate.h */ = {isa = PBXFileReference; lastKnownFileType = sourcecode.c.h; path = AppDelegate.h; sourceTree = "<group>"; };
		B6128F77182E0D1E00082D38 /* AppDelegate.m */ = {isa = PBXFileReference; lastKnownFileType = sourcecode.c.objc; path = AppDelegate.m; sourceTree = "<group>"; };
		B6128F7A182E0D1E00082D38 /* Base */ = {isa = PBXFileReference; lastKnownFileType = file.storyboard; name = Base; path = Base.lproj/Main.storyboard; sourceTree = "<group>"; };
		B6128F7F182E0D1E00082D38 /* SecondViewController.h */ = {isa = PBXFileReference; lastKnownFileType = sourcecode.c.h; path = SecondViewController.h; sourceTree = "<group>"; };
		B6128F80182E0D1E00082D38 /* SecondViewController.m */ = {isa = PBXFileReference; lastKnownFileType = sourcecode.c.objc; path = SecondViewController.m; sourceTree = "<group>"; };
		B6128F82182E0D1E00082D38 /* Images.xcassets */ = {isa = PBXFileReference; lastKnownFileType = folder.assetcatalog; path = Images.xcassets; sourceTree = "<group>"; };
		B6128F88182E0D1E00082D38 /* MarkBookTests.xctest */ = {isa = PBXFileReference; explicitFileType = wrapper.cfbundle; includeInIndex = 0; path = MarkBookTests.xctest; sourceTree = BUILT_PRODUCTS_DIR; };
		B6128F89182E0D1E00082D38 /* XCTest.framework */ = {isa = PBXFileReference; lastKnownFileType = wrapper.framework; name = XCTest.framework; path = Library/Frameworks/XCTest.framework; sourceTree = DEVELOPER_DIR; };
		B6128F91182E0D1E00082D38 /* MarkBookTests-Info.plist */ = {isa = PBXFileReference; lastKnownFileType = text.plist.xml; path = "MarkBookTests-Info.plist"; sourceTree = "<group>"; };
		B6128F93182E0D1E00082D38 /* en */ = {isa = PBXFileReference; lastKnownFileType = text.plist.strings; name = en; path = en.lproj/InfoPlist.strings; sourceTree = "<group>"; };
		B6128F95182E0D1E00082D38 /* MarkBookTests.m */ = {isa = PBXFileReference; lastKnownFileType = sourcecode.c.objc; path = MarkBookTests.m; sourceTree = "<group>"; };
		B6128F9F182E167800082D38 /* BookDetail.h */ = {isa = PBXFileReference; fileEncoding = 4; lastKnownFileType = sourcecode.c.h; path = BookDetail.h; sourceTree = "<group>"; };
		B6128FA0182E167800082D38 /* BookDetail.m */ = {isa = PBXFileReference; fileEncoding = 4; lastKnownFileType = sourcecode.c.objc; path = BookDetail.m; sourceTree = "<group>"; };
		B6128FA2182E169100082D38 /* SearchBook.h */ = {isa = PBXFileReference; fileEncoding = 4; lastKnownFileType = sourcecode.c.h; path = SearchBook.h; sourceTree = "<group>"; };
		B6128FA3182E169100082D38 /* SearchBook.m */ = {isa = PBXFileReference; fileEncoding = 4; lastKnownFileType = sourcecode.c.objc; path = SearchBook.m; sourceTree = "<group>"; };
		B6128FA5182E199900082D38 /* DoubanBook.h */ = {isa = PBXFileReference; fileEncoding = 4; lastKnownFileType = sourcecode.c.h; path = DoubanBook.h; sourceTree = "<group>"; };
		B6128FA6182E199900082D38 /* DoubanBook.m */ = {isa = PBXFileReference; fileEncoding = 4; lastKnownFileType = sourcecode.c.objc; path = DoubanBook.m; sourceTree = "<group>"; };
		B6128FAF182E3D3E00082D38 /* DetailWebPage.h */ = {isa = PBXFileReference; fileEncoding = 4; lastKnownFileType = sourcecode.c.h; path = DetailWebPage.h; sourceTree = "<group>"; };
		B6128FB0182E3D3E00082D38 /* DetailWebPage.m */ = {isa = PBXFileReference; fileEncoding = 4; lastKnownFileType = sourcecode.c.objc; path = DetailWebPage.m; sourceTree = "<group>"; };
		B6128FB2182E41F500082D38 /* FileAccessManager.h */ = {isa = PBXFileReference; fileEncoding = 4; lastKnownFileType = sourcecode.c.h; path = FileAccessManager.h; sourceTree = "<group>"; };
		B6128FB3182E41F500082D38 /* FileAccessManager.m */ = {isa = PBXFileReference; fileEncoding = 4; lastKnownFileType = sourcecode.c.objc; path = FileAccessManager.m; sourceTree = "<group>"; };
		B6128FB5182E423300082D38 /* BookMark.h */ = {isa = PBXFileReference; fileEncoding = 4; lastKnownFileType = sourcecode.c.h; path = BookMark.h; sourceTree = "<group>"; };
		B6128FB6182E423300082D38 /* BookMark.m */ = {isa = PBXFileReference; fileEncoding = 4; lastKnownFileType = sourcecode.c.objc; path = BookMark.m; sourceTree = "<group>"; };
/* End PBXFileReference section */

/* Begin PBXFrameworksBuildPhase section */
		B6128F61182E0D1E00082D38 /* Frameworks */ = {
			isa = PBXFrameworksBuildPhase;
			buildActionMask = 2147483647;
			files = (
				B6128F6A182E0D1E00082D38 /* CoreGraphics.framework in Frameworks */,
				B6128F6C182E0D1E00082D38 /* UIKit.framework in Frameworks */,
				B6128F68182E0D1E00082D38 /* Foundation.framework in Frameworks */,
			);
			runOnlyForDeploymentPostprocessing = 0;
		};
		B6128F85182E0D1E00082D38 /* Frameworks */ = {
			isa = PBXFrameworksBuildPhase;
			buildActionMask = 2147483647;
			files = (
				B6128F8A182E0D1E00082D38 /* XCTest.framework in Frameworks */,
				B6128F8C182E0D1E00082D38 /* UIKit.framework in Frameworks */,
				B6128F8B182E0D1E00082D38 /* Foundation.framework in Frameworks */,
			);
			runOnlyForDeploymentPostprocessing = 0;
		};
/* End PBXFrameworksBuildPhase section */

/* Begin PBXGroup section */
		B6128F5B182E0D1E00082D38 = {
			isa = PBXGroup;
			children = (
				B6128F6D182E0D1E00082D38 /* MarkBook */,
				B6128F8F182E0D1E00082D38 /* MarkBookTests */,
				B6128F66182E0D1E00082D38 /* Frameworks */,
				B6128F65182E0D1E00082D38 /* Products */,
			);
			sourceTree = "<group>";
		};
		B6128F65182E0D1E00082D38 /* Products */ = {
			isa = PBXGroup;
			children = (
				B6128F64182E0D1E00082D38 /* MarkBook.app */,
				B6128F88182E0D1E00082D38 /* MarkBookTests.xctest */,
			);
			name = Products;
			sourceTree = "<group>";
		};
		B6128F66182E0D1E00082D38 /* Frameworks */ = {
			isa = PBXGroup;
			children = (
				B6128F67182E0D1E00082D38 /* Foundation.framework */,
				B6128F69182E0D1E00082D38 /* CoreGraphics.framework */,
				B6128F6B182E0D1E00082D38 /* UIKit.framework */,
				B6128F89182E0D1E00082D38 /* XCTest.framework */,
			);
			name = Frameworks;
			sourceTree = "<group>";
		};
		B6128F6D182E0D1E00082D38 /* MarkBook */ = {
			isa = PBXGroup;
			children = (
				B6128F76182E0D1E00082D38 /* AppDelegate.h */,
				B6128F77182E0D1E00082D38 /* AppDelegate.m */,
				B6128F79182E0D1E00082D38 /* Main.storyboard */,
				B6128F7F182E0D1E00082D38 /* SecondViewController.h */,
				B6128F80182E0D1E00082D38 /* SecondViewController.m */,
				B6128F82182E0D1E00082D38 /* Images.xcassets */,
				B6128F6E182E0D1E00082D38 /* Supporting Files */,
				B6128F9F182E167800082D38 /* BookDetail.h */,
				B6128FA0182E167800082D38 /* BookDetail.m */,
				B6128FA2182E169100082D38 /* SearchBook.h */,
				B6128FA3182E169100082D38 /* SearchBook.m */,
				B6128FA5182E199900082D38 /* DoubanBook.h */,
				B6128FA6182E199900082D38 /* DoubanBook.m */,
				B6128FAF182E3D3E00082D38 /* DetailWebPage.h */,
				B6128FB0182E3D3E00082D38 /* DetailWebPage.m */,
				B6128FB2182E41F500082D38 /* FileAccessManager.h */,
				B6128FB3182E41F500082D38 /* FileAccessManager.m */,
				B6128FB5182E423300082D38 /* BookMark.h */,
				B6128FB6182E423300082D38 /* BookMark.m */,
			);
			path = MarkBook;
			sourceTree = "<group>";
		};
		B6128F6E182E0D1E00082D38 /* Supporting Files */ = {
			isa = PBXGroup;
			children = (
				B6128F6F182E0D1E00082D38 /* MarkBook-Info.plist */,
				B6128F70182E0D1E00082D38 /* InfoPlist.strings */,
				B6128F73182E0D1E00082D38 /* main.m */,
				B6128F75182E0D1E00082D38 /* MarkBook-Prefix.pch */,
			);
			name = "Supporting Files";
			sourceTree = "<group>";
		};
		B6128F8F182E0D1E00082D38 /* MarkBookTests */ = {
			isa = PBXGroup;
			children = (
				B6128F95182E0D1E00082D38 /* MarkBookTests.m */,
				B6128F90182E0D1E00082D38 /* Supporting Files */,
			);
			path = MarkBookTests;
			sourceTree = "<group>";
		};
		B6128F90182E0D1E00082D38 /* Supporting Files */ = {
			isa = PBXGroup;
			children = (
				B6128F91182E0D1E00082D38 /* MarkBookTests-Info.plist */,
				B6128F92182E0D1E00082D38 /* InfoPlist.strings */,
			);
			name = "Supporting Files";
			sourceTree = "<group>";
		};
/* End PBXGroup section */

/* Begin PBXNativeTarget section */
		B6128F63182E0D1E00082D38 /* MarkBook */ = {
			isa = PBXNativeTarget;
			buildConfigurationList = B6128F99182E0D1E00082D38 /* Build configuration list for PBXNativeTarget "MarkBook" */;
			buildPhases = (
				B6128F60182E0D1E00082D38 /* Sources */,
				B6128F61182E0D1E00082D38 /* Frameworks */,
				B6128F62182E0D1E00082D38 /* Resources */,
			);
			buildRules = (
			);
			dependencies = (
			);
			name = MarkBook;
			productName = MarkBook;
			productReference = B6128F64182E0D1E00082D38 /* MarkBook.app */;
			productType = "com.apple.product-type.application";
		};
		B6128F87182E0D1E00082D38 /* MarkBookTests */ = {
			isa = PBXNativeTarget;
			buildConfigurationList = B6128F9C182E0D1E00082D38 /* Build configuration list for PBXNativeTarget "MarkBookTests" */;
			buildPhases = (
				B6128F84182E0D1E00082D38 /* Sources */,
				B6128F85182E0D1E00082D38 /* Frameworks */,
				B6128F86182E0D1E00082D38 /* Resources */,
			);
			buildRules = (
			);
			dependencies = (
				B6128F8E182E0D1E00082D38 /* PBXTargetDependency */,
			);
			name = MarkBookTests;
			productName = MarkBookTests;
			productReference = B6128F88182E0D1E00082D38 /* MarkBookTests.xctest */;
			productType = "com.apple.product-type.bundle.unit-test";
		};
/* End PBXNativeTarget section */

/* Begin PBXProject section */
		B6128F5C182E0D1E00082D38 /* Project object */ = {
			isa = PBXProject;
			attributes = {
				LastUpgradeCheck = 0500;
				ORGANIZATIONNAME = kelvin;
				TargetAttributes = {
					B6128F87182E0D1E00082D38 = {
						TestTargetID = B6128F63182E0D1E00082D38;
					};
				};
			};
			buildConfigurationList = B6128F5F182E0D1E00082D38 /* Build configuration list for PBXProject "MarkBook" */;
			compatibilityVersion = "Xcode 3.2";
			developmentRegion = English;
			hasScannedForEncodings = 0;
			knownRegions = (
				en,
				Base,
			);
			mainGroup = B6128F5B182E0D1E00082D38;
			productRefGroup = B6128F65182E0D1E00082D38 /* Products */;
			projectDirPath = "";
			projectRoot = "";
			targets = (
				B6128F63182E0D1E00082D38 /* MarkBook */,
				B6128F87182E0D1E00082D38 /* MarkBookTests */,
			);
		};
/* End PBXProject section */

/* Begin PBXResourcesBuildPhase section */
		B6128F62182E0D1E00082D38 /* Resources */ = {
			isa = PBXResourcesBuildPhase;
			buildActionMask = 2147483647;
			files = (
				B6128F83182E0D1E00082D38 /* Images.xcassets in Resources */,
				B6128F72182E0D1E00082D38 /* InfoPlist.strings in Resources */,
				B6128F7B182E0D1E00082D38 /* Main.storyboard in Resources */,
			);
			runOnlyForDeploymentPostprocessing = 0;
		};
		B6128F86182E0D1E00082D38 /* Resources */ = {
			isa = PBXResourcesBuildPhase;
			buildActionMask = 2147483647;
			files = (
				B6128F94182E0D1E00082D38 /* InfoPlist.strings in Resources */,
			);
			runOnlyForDeploymentPostprocessing = 0;
		};
/* End PBXResourcesBuildPhase section */

/* Begin PBXSourcesBuildPhase section */
		B6128F60182E0D1E00082D38 /* Sources */ = {
			isa = PBXSourcesBuildPhase;
			buildActionMask = 2147483647;
			files = (
				B6128F81182E0D1E00082D38 /* SecondViewController.m in Sources */,
				B6128FA1182E167800082D38 /* BookDetail.m in Sources */,
				B6128FA4182E169100082D38 /* SearchBook.m in Sources */,
				B6128FB4182E41F500082D38 /* FileAccessManager.m in Sources */,
				B6128FB7182E423300082D38 /* BookMark.m in Sources */,
				B6128F78182E0D1E00082D38 /* AppDelegate.m in Sources */,
				B6128FB1182E3D3E00082D38 /* DetailWebPage.m in Sources */,
				B6128F74182E0D1E00082D38 /* main.m in Sources */,
				B6128FA7182E199900082D38 /* DoubanBook.m in Sources */,
			);
			runOnlyForDeploymentPostprocessing = 0;
		};
		B6128F84182E0D1E00082D38 /* Sources */ = {
			isa = PBXSourcesBuildPhase;
			buildActionMask = 2147483647;
			files = (
				B6128F96182E0D1E00082D38 /* MarkBookTests.m in Sources */,
			);
			runOnlyForDeploymentPostprocessing = 0;
		};
/* End PBXSourcesBuildPhase section */

/* Begin PBXTargetDependency section */
		B6128F8E182E0D1E00082D38 /* PBXTargetDependency */ = {
			isa = PBXTargetDependency;
			target = B6128F63182E0D1E00082D38 /* MarkBook */;
			targetProxy = B6128F8D182E0D1E00082D38 /* PBXContainerItemProxy */;
		};
/* End PBXTargetDependency section */

/* Begin PBXVariantGroup section */
		B6128F70182E0D1E00082D38 /* InfoPlist.strings */ = {
			isa = PBXVariantGroup;
			children = (
				B6128F71182E0D1E00082D38 /* en */,
			);
			name = InfoPlist.strings;
			sourceTree = "<group>";
		};
		B6128F79182E0D1E00082D38 /* Main.storyboard */ = {
			isa = PBXVariantGroup;
			children = (
				B6128F7A182E0D1E00082D38 /* Base */,
			);
			name = Main.storyboard;
			sourceTree = "<group>";
		};
		B6128F92182E0D1E00082D38 /* InfoPlist.strings */ = {
			isa = PBXVariantGroup;
			children = (
				B6128F93182E0D1E00082D38 /* en */,
			);
			name = InfoPlist.strings;
			sourceTree = "<group>";
		};
/* End PBXVariantGroup section */

/* Begin XCBuildConfiguration section */
		B6128F97182E0D1E00082D38 /* Debug */ = {
			isa = XCBuildConfiguration;
			buildSettings = {
				ALWAYS_SEARCH_USER_PATHS = NO;
				ARCHS = "$(ARCHS_STANDARD_INCLUDING_64_BIT)";
				CLANG_CXX_LANGUAGE_STANDARD = "gnu++0x";
				CLANG_CXX_LIBRARY = "libc++";
				CLANG_ENABLE_MODULES = YES;
				CLANG_ENABLE_OBJC_ARC = YES;
				CLANG_WARN_BOOL_CONVERSION = YES;
				CLANG_WARN_CONSTANT_CONVERSION = YES;
				CLANG_WARN_DIRECT_OBJC_ISA_USAGE = YES_ERROR;
				CLANG_WARN_EMPTY_BODY = YES;
				CLANG_WARN_ENUM_CONVERSION = YES;
				CLANG_WARN_INT_CONVERSION = YES;
				CLANG_WARN_OBJC_ROOT_CLASS = YES_ERROR;
				CLANG_WARN__DUPLICATE_METHOD_MATCH = YES;
				"CODE_SIGN_IDENTITY[sdk=iphoneos*]" = "iPhone Developer";
				COPY_PHASE_STRIP = NO;
				GCC_C_LANGUAGE_STANDARD = gnu99;
				GCC_DYNAMIC_NO_PIC = NO;
				GCC_OPTIMIZATION_LEVEL = 0;
				GCC_PREPROCESSOR_DEFINITIONS = (
					"DEBUG=1",
					"$(inherited)",
				);
				GCC_SYMBOLS_PRIVATE_EXTERN = NO;
				GCC_WARN_64_TO_32_BIT_CONVERSION = YES;
				GCC_WARN_ABOUT_RETURN_TYPE = YES_ERROR;
				GCC_WARN_UNDECLARED_SELECTOR = YES;
				GCC_WARN_UNINITIALIZED_AUTOS = YES;
				GCC_WARN_UNUSED_FUNCTION = YES;
				GCC_WARN_UNUSED_VARIABLE = YES;
				IPHONEOS_DEPLOYMENT_TARGET = 7.0;
				ONLY_ACTIVE_ARCH = YES;
				SDKROOT = iphoneos;
			};
			name = Debug;
		};
		B6128F98182E0D1E00082D38 /* Release */ = {
			isa = XCBuildConfiguration;
			buildSettings = {
				ALWAYS_SEARCH_USER_PATHS = NO;
				ARCHS = "$(ARCHS_STANDARD_INCLUDING_64_BIT)";
				CLANG_CXX_LANGUAGE_STANDARD = "gnu++0x";
				CLANG_CXX_LIBRARY = "libc++";
				CLANG_ENABLE_MODULES = YES;
				CLANG_ENABLE_OBJC_ARC = YES;
				CLANG_WARN_BOOL_CONVERSION = YES;
				CLANG_WARN_CONSTANT_CONVERSION = YES;
				CLANG_WARN_DIRECT_OBJC_ISA_USAGE = YES_ERROR;
				CLANG_WARN_EMPTY_BODY = YES;
				CLANG_WARN_ENUM_CONVERSION = YES;
				CLANG_WARN_INT_CONVERSION = YES;
				CLANG_WARN_OBJC_ROOT_CLASS = YES_ERROR;
				CLANG_WARN__DUPLICATE_METHOD_MATCH = YES;
				"CODE_SIGN_IDENTITY[sdk=iphoneos*]" = "iPhone Developer";
				COPY_PHASE_STRIP = YES;
				ENABLE_NS_ASSERTIONS = NO;
				GCC_C_LANGUAGE_STANDARD = gnu99;
				GCC_WARN_64_TO_32_BIT_CONVERSION = YES;
				GCC_WARN_ABOUT_RETURN_TYPE = YES_ERROR;
				GCC_WARN_UNDECLARED_SELECTOR = YES;
				GCC_WARN_UNINITIALIZED_AUTOS = YES;
				GCC_WARN_UNUSED_FUNCTION = YES;
				GCC_WARN_UNUSED_VARIABLE = YES;
				IPHONEOS_DEPLOYMENT_TARGET = 7.0;
				SDKROOT = iphoneos;
				VALIDATE_PRODUCT = YES;
			};
			name = Release;
		};
		B6128F9A182E0D1E00082D38 /* Debug */ = {
			isa = XCBuildConfiguration;
			buildSettings = {
				ASSETCATALOG_COMPILER_APPICON_NAME = AppIcon;
				ASSETCATALOG_COMPILER_LAUNCHIMAGE_NAME = LaunchImage;
				GCC_PRECOMPILE_PREFIX_HEADER = YES;
				GCC_PREFIX_HEADER = "MarkBook/MarkBook-Prefix.pch";
				INFOPLIST_FILE = "MarkBook/MarkBook-Info.plist";
				PRODUCT_NAME = "$(TARGET_NAME)";
				WRAPPER_EXTENSION = app;
			};
			name = Debug;
		};
		B6128F9B182E0D1E00082D38 /* Release */ = {
			isa = XCBuildConfiguration;
			buildSettings = {
				ASSETCATALOG_COMPILER_APPICON_NAME = AppIcon;
				ASSETCATALOG_COMPILER_LAUNCHIMAGE_NAME = LaunchImage;
				GCC_PRECOMPILE_PREFIX_HEADER = YES;
				GCC_PREFIX_HEADER = "MarkBook/MarkBook-Prefix.pch";
				INFOPLIST_FILE = "MarkBook/MarkBook-Info.plist";
				PRODUCT_NAME = "$(TARGET_NAME)";
				WRAPPER_EXTENSION = app;
			};
			name = Release;
		};
		B6128F9D182E0D1E00082D38 /* Debug */ = {
			isa = XCBuildConfiguration;
			buildSettings = {
				ARCHS = "$(ARCHS_STANDARD_INCLUDING_64_BIT)";
				BUNDLE_LOADER = "$(BUILT_PRODUCTS_DIR)/MarkBook.app/MarkBook";
				FRAMEWORK_SEARCH_PATHS = (
					"$(SDKROOT)/Developer/Library/Frameworks",
					"$(inherited)",
					"$(DEVELOPER_FRAMEWORKS_DIR)",
				);
				GCC_PRECOMPILE_PREFIX_HEADER = YES;
				GCC_PREFIX_HEADER = "MarkBook/MarkBook-Prefix.pch";
				GCC_PREPROCESSOR_DEFINITIONS = (
					"DEBUG=1",
					"$(inherited)",
				);
				INFOPLIST_FILE = "MarkBookTests/MarkBookTests-Info.plist";
				PRODUCT_NAME = "$(TARGET_NAME)";
				TEST_HOST = "$(BUNDLE_LOADER)";
				WRAPPER_EXTENSION = xctest;
			};
			name = Debug;
		};
		B6128F9E182E0D1E00082D38 /* Release */ = {
			isa = XCBuildConfiguration;
			buildSettings = {
				ARCHS = "$(ARCHS_STANDARD_INCLUDING_64_BIT)";
				BUNDLE_LOADER = "$(BUILT_PRODUCTS_DIR)/MarkBook.app/MarkBook";
				FRAMEWORK_SEARCH_PATHS = (
					"$(SDKROOT)/Developer/Library/Frameworks",
					"$(inherited)",
					"$(DEVELOPER_FRAMEWORKS_DIR)",
				);
				GCC_PRECOMPILE_PREFIX_HEADER = YES;
				GCC_PREFIX_HEADER = "MarkBook/MarkBook-Prefix.pch";
				INFOPLIST_FILE = "MarkBookTests/MarkBookTests-Info.plist";
				PRODUCT_NAME = "$(TARGET_NAME)";
				TEST_HOST = "$(BUNDLE_LOADER)";
				WRAPPER_EXTENSION = xctest;
			};
			name = Release;
		};
/* End XCBuildConfiguration section */

/* Begin XCConfigurationList section */
		B6128F5F182E0D1E00082D38 /* Build configuration list for PBXProject "MarkBook" */ = {
			isa = XCConfigurationList;
			buildConfigurations = (
				B6128F97182E0D1E00082D38 /* Debug */,
				B6128F98182E0D1E00082D38 /* Release */,
			);
			defaultConfigurationIsVisible = 0;
			defaultConfigurationName = Release;
		};
		B6128F99182E0D1E00082D38 /* Build configuration list for PBXNativeTarget "MarkBook" */ = {
			isa = XCConfigurationList;
			buildConfigurations = (
				B6128F9A182E0D1E00082D38 /* Debug */,
				B6128F9B182E0D1E00082D38 /* Release */,
			);
			defaultConfigurationIsVisible = 0;
			defaultConfigurationName = Release;
		};
		B6128F9C182E0D1E00082D38 /* Build configuration list for PBXNativeTarget "MarkBookTests" */ = {
			isa = XCConfigurationList;
			buildConfigurations = (
				B6128F9D182E0D1E00082D38 /* Debug */,
				B6128F9E182E0D1E00082D38 /* Release */,
			);
			defaultConfigurationIsVisible = 0;
			defaultConfigurationName = Release;
		};
/* End XCConfigurationList section */
	};
	rootObject = B6128F5C182E0D1E00082D38 /* Project object */;
}
